
Microsoft Visual Studio Solution File, Format Version 12.00
# Visual Studio Version 17
VisualStudioVersion = 17.5.33502.453
MinimumVisualStudioVersion = 10.0.40219.1
Project("{FAE04EC0-301F-11D3-BF4B-00C04F79EFBC}") = "MVCIntroDemo", "MVCIntroDemo\MVCIntroDemo.csproj", "{19FA6E9B-941D-4343-838E-CC0B671586D7}"
EndProject
Global
	GlobalSection(SolutionConfigurationPlatforms) = preSolution
		Debug|Any CPU = Debug|Any CPU
		Release|Any CPU = Release|Any CPU
	EndGlobalSection
	GlobalSection(ProjectConfigurationPlatforms) = postSolution
		{19FA6E9B-941D-4343-838E-CC0B671586D7}.Debug|Any CPU.ActiveCfg = Debug|Any CPU
		{19FA6E9B-941D-4343-838E-CC0B671586D7}.Debug|Any CPU.Build.0 = Debug|Any CPU
		{19FA6E9B-941D-4343-838E-CC0B671586D7}.Release|Any CPU.ActiveCfg = Release|Any CPU
		{19FA6E9B-941D-4343-838E-CC0B671586D7}.Release|Any CPU.Build.0 = Release|Any CPU
	EndGlobalSection
	GlobalSection(SolutionProperties) = preSolution
		HideSolutionNode = FALSE
	EndGlobalSection
	GlobalSection(ExtensibilityGlobals) = postSolution
		SolutionGuid = {EFFA0491-D36E-4AE7-94B5-7636BC37E021}
	EndGlobalSection
EndGlobal
